
Microsoft Visual Studio Solution File, Format Version 12.00
# Visual Studio 15
VisualStudioVersion = 15.0.28010.2046
MinimumVisualStudioVersion = 10.0.40219.1
Project("{FAE04EC0-301F-11D3-BF4B-00C04F79EFBC}") = "Task1NumberSystems", "Task1NumberSystems\Task1NumberSystems.csproj", "{96BF2486-48BA-40C5-A27B-0B5CC2A52DAE}"
EndProject
Project("{FAE04EC0-301F-11D3-BF4B-00C04F79EFBC}") = "Task14ArithmeticProgression", "Task14ArithmeticProgression\Task14ArithmeticProgression.csproj", "{BB9AF826-8C69-4BE8-9CEC-00EE7C7021A8}"
EndProject
Project("{FAE04EC0-301F-11D3-BF4B-00C04F79EFBC}") = "Test2Task3Part2TheFunction", "Test2Task3Part2TheFunction\Test2Task3Part2TheFunction.csproj", "{7F165C91-25FA-41AE-A49C-27A136B6F7F9}"
EndProject
Project("{FAE04EC0-301F-11D3-BF4B-00C04F79EFBC}") = "Task96CalculationsWithN", "Task96CalculationsWithN\Task96CalculationsWithN.csproj", "{C596A419-008A-4C4C-A0E8-F97776A73858}"
EndProject
Project("{FAE04EC0-301F-11D3-BF4B-00C04F79EFBC}") = "Task220PiCalculations", "Task220PiCalculations\Task220PiCalculations.csproj", "{A4DEC158-5EE3-4A68-973F-4186F21B40D1}"
EndProject
Project("{FAE04EC0-301F-11D3-BF4B-00C04F79EFBC}") = "Task403RainStations", "Task403RainStations\Task403RainStations.csproj", "{1FA939A6-28FB-4269-8123-22D76BC20581}"
EndProject
Project("{FAE04EC0-301F-11D3-BF4B-00C04F79EFBC}") = "Task369NumberWithWords", "Task369NumberWithWords\Task369NumberWithWords.csproj", "{84286AF9-46CB-45D5-AB97-CE37A124BB61}"
EndProject
Global
	GlobalSection(SolutionConfigurationPlatforms) = preSolution
		Debug|Any CPU = Debug|Any CPU
		Release|Any CPU = Release|Any CPU
	EndGlobalSection
	GlobalSection(ProjectConfigurationPlatforms) = postSolution
		{96BF2486-48BA-40C5-A27B-0B5CC2A52DAE}.Debug|Any CPU.ActiveCfg = Debug|Any CPU
		{96BF2486-48BA-40C5-A27B-0B5CC2A52DAE}.Debug|Any CPU.Build.0 = Debug|Any CPU
		{96BF2486-48BA-40C5-A27B-0B5CC2A52DAE}.Release|Any CPU.ActiveCfg = Release|Any CPU
		{96BF2486-48BA-40C5-A27B-0B5CC2A52DAE}.Release|Any CPU.Build.0 = Release|Any CPU
		{BB9AF826-8C69-4BE8-9CEC-00EE7C7021A8}.Debug|Any CPU.ActiveCfg = Debug|Any CPU
		{BB9AF826-8C69-4BE8-9CEC-00EE7C7021A8}.Debug|Any CPU.Build.0 = Debug|Any CPU
		{BB9AF826-8C69-4BE8-9CEC-00EE7C7021A8}.Release|Any CPU.ActiveCfg = Release|Any CPU
		{BB9AF826-8C69-4BE8-9CEC-00EE7C7021A8}.Release|Any CPU.Build.0 = Release|Any CPU
		{7F165C91-25FA-41AE-A49C-27A136B6F7F9}.Debug|Any CPU.ActiveCfg = Debug|Any CPU
		{7F165C91-25FA-41AE-A49C-27A136B6F7F9}.Debug|Any CPU.Build.0 = Debug|Any CPU
		{7F165C91-25FA-41AE-A49C-27A136B6F7F9}.Release|Any CPU.ActiveCfg = Release|Any CPU
		{7F165C91-25FA-41AE-A49C-27A136B6F7F9}.Release|Any CPU.Build.0 = Release|Any CPU
		{C596A419-008A-4C4C-A0E8-F97776A73858}.Debug|Any CPU.ActiveCfg = Debug|Any CPU
		{C596A419-008A-4C4C-A0E8-F97776A73858}.Debug|Any CPU.Build.0 = Debug|Any CPU
		{C596A419-008A-4C4C-A0E8-F97776A73858}.Release|Any CPU.ActiveCfg = Release|Any CPU
		{C596A419-008A-4C4C-A0E8-F97776A73858}.Release|Any CPU.Build.0 = Release|Any CPU
		{A4DEC158-5EE3-4A68-973F-4186F21B40D1}.Debug|Any CPU.ActiveCfg = Debug|Any CPU
		{A4DEC158-5EE3-4A68-973F-4186F21B40D1}.Debug|Any CPU.Build.0 = Debug|Any CPU
		{A4DEC158-5EE3-4A68-973F-4186F21B40D1}.Release|Any CPU.ActiveCfg = Release|Any CPU
		{A4DEC158-5EE3-4A68-973F-4186F21B40D1}.Release|Any CPU.Build.0 = Release|Any CPU
		{1FA939A6-28FB-4269-8123-22D76BC20581}.Debug|Any CPU.ActiveCfg = Debug|Any CPU
		{1FA939A6-28FB-4269-8123-22D76BC20581}.Debug|Any CPU.Build.0 = Debug|Any CPU
		{1FA939A6-28FB-4269-8123-22D76BC20581}.Release|Any CPU.ActiveCfg = Release|Any CPU
		{1FA939A6-28FB-4269-8123-22D76BC20581}.Release|Any CPU.Build.0 = Release|Any CPU
		{84286AF9-46CB-45D5-AB97-CE37A124BB61}.Debug|Any CPU.ActiveCfg = Debug|Any CPU
		{84286AF9-46CB-45D5-AB97-CE37A124BB61}.Debug|Any CPU.Build.0 = Debug|Any CPU
		{84286AF9-46CB-45D5-AB97-CE37A124BB61}.Release|Any CPU.ActiveCfg = Release|Any CPU
		{84286AF9-46CB-45D5-AB97-CE37A124BB61}.Release|Any CPU.Build.0 = Release|Any CPU
	EndGlobalSection
	GlobalSection(SolutionProperties) = preSolution
		HideSolutionNode = FALSE
	EndGlobalSection
	GlobalSection(ExtensibilityGlobals) = postSolution
		SolutionGuid = {EA1B26CC-2CEC-4EB5-965E-2246BFB1A614}
	EndGlobalSection
EndGlobal
